
Microsoft Visual Studio Solution File, Format Version 12.00
Project("{FAE04EC0-301F-11D3-BF4B-00C04F79EFBC}") = "StockProduct", "StockProduct\StockProduct.csproj", "{79A0FEBD-5AA9-4C4E-9DDD-3A993246B341}"
EndProject
Global
	GlobalSection(SolutionConfigurationPlatforms) = preSolution
		Debug|Any CPU = Debug|Any CPU
		Release|Any CPU = Release|Any CPU
	EndGlobalSection
	GlobalSection(ProjectConfigurationPlatforms) = postSolution
		{79A0FEBD-5AA9-4C4E-9DDD-3A993246B341}.Debug|Any CPU.ActiveCfg = Debug|Any CPU
		{79A0FEBD-5AA9-4C4E-9DDD-3A993246B341}.Debug|Any CPU.Build.0 = Debug|Any CPU
		{79A0FEBD-5AA9-4C4E-9DDD-3A993246B341}.Release|Any CPU.ActiveCfg = Release|Any CPU
		{79A0FEBD-5AA9-4C4E-9DDD-3A993246B341}.Release|Any CPU.Build.0 = Release|Any CPU
	EndGlobalSection
EndGlobal
